Microsoft Visual Studio Solution File, Format Version 12.00
# Visual Studio Version 17
VisualStudioVersion = 17.0.31903.59
MinimumVisualStudioVersion = 10.0.40219.1
Project("{8BC9CEB8-8B4A-11D0-8D11-00A0C91BC942}") = "SampleOrderSystemLib", "SampleOrderSystemLib\SampleOrderSystemLib.vcxproj", "{9FEF1ABE-4DE5-4C42-B15C-6C28C7D67081}"
EndProject
Project("{8BC9CEB8-8B4A-11D0-8D11-00A0C91BC942}") = "SampleOrderSystemApp", "SampleOrderSystemApp\SampleOrderSystemApp.vcxproj", "{309BEF08-FF69-49CE-9C06-BD1982F328B6}"
EndProject
Project("{8BC9CEB8-8B4A-11D0-8D11-00A0C91BC942}") = "SampleOrderSystemTest", "SampleOrderSystemTest\SampleOrderSystemTest.vcxproj", "{D31E79FA-6FB7-4503-92A9-C505E53F1A72}"
EndProject
Global
	GlobalSection(SolutionConfigurationPlatforms) = preSolution
		Debug|x64 = Debug|x64
		Release|x64 = Release|x64
	EndGlobalSection
	GlobalSection(ProjectConfigurationPlatforms) = postSolution
		{9FEF1ABE-4DE5-4C42-B15C-6C28C7D67081}.Debug|x64.ActiveCfg = Debug|x64
		{9FEF1ABE-4DE5-4C42-B15C-6C28C7D67081}.Debug|x64.Build.0 = Debug|x64
		{9FEF1ABE-4DE5-4C42-B15C-6C28C7D67081}.Release|x64.ActiveCfg = Release|x64
		{9FEF1ABE-4DE5-4C42-B15C-6C28C7D67081}.Release|x64.Build.0 = Release|x64
		{309BEF08-FF69-49CE-9C06-BD1982F328B6}.Debug|x64.ActiveCfg = Debug|x64
		{309BEF08-FF69-49CE-9C06-BD1982F328B6}.Debug|x64.Build.0 = Debug|x64
		{309BEF08-FF69-49CE-9C06-BD1982F328B6}.Release|x64.ActiveCfg = Release|x64
		{309BEF08-FF69-49CE-9C06-BD1982F328B6}.Release|x64.Build.0 = Release|x64
		{D31E79FA-6FB7-4503-92A9-C505E53F1A72}.Debug|x64.ActiveCfg = Debug|x64
		{D31E79FA-6FB7-4503-92A9-C505E53F1A72}.Debug|x64.Build.0 = Debug|x64
		{D31E79FA-6FB7-4503-92A9-C505E53F1A72}.Release|x64.ActiveCfg = Release|x64
		{D31E79FA-6FB7-4503-92A9-C505E53F1A72}.Release|x64.Build.0 = Release|x64
	EndGlobalSection
	GlobalSection(SolutionProperties) = preSolution
		HideSolutionNode = FALSE
	EndGlobalSection
EndGlobal
